
Microsoft Visual Studio Solution File, Format Version 12.00
# Visual Studio 2013
VisualStudioVersion = 12.0.21005.1
MinimumVisualStudioVersion = 10.0.40219.1
Project("{2150E333-8FDC-42A3-9474-1A3956D46DE8}") = "Solution Items", "Solution Items", "{2AEA52A2-DA68-4658-83EE-2AD48936FBF1}"
	ProjectSection(SolutionItems) = preProject
		readme.md = readme.md
	EndProjectSection
EndProject
Project("{FAE04EC0-301F-11D3-BF4B-00C04F79EFBC}") = "PortableDnsProxy", "PortableDnsProxy\PortableDnsProxy.csproj", "{C97911F1-AC13-4590-96DF-461060EF97ED}"
EndProject
Global
	GlobalSection(SolutionConfigurationPlatforms) = preSolution
		Debug|Any CPU = Debug|Any CPU
		Release|Any CPU = Release|Any CPU
	EndGlobalSection
	GlobalSection(ProjectConfigurationPlatforms) = postSolution
		{C97911F1-AC13-4590-96DF-461060EF97ED}.Debug|Any CPU.ActiveCfg = Debug|Any CPU
		{C97911F1-AC13-4590-96DF-461060EF97ED}.Debug|Any CPU.Build.0 = Debug|Any CPU
		{C97911F1-AC13-4590-96DF-461060EF97ED}.Release|Any CPU.ActiveCfg = Release|Any CPU
		{C97911F1-AC13-4590-96DF-461060EF97ED}.Release|Any CPU.Build.0 = Release|Any CPU
	EndGlobalSection
	GlobalSection(SolutionProperties) = preSolution
		HideSolutionNode = FALSE
	EndGlobalSection
EndGlobal
